
Microsoft Visual Studio Solution File, Format Version 12.00
# Visual Studio Version 17
VisualStudioVersion = 17.4.33213.308
MinimumVisualStudioVersion = 10.0.40219.1
Project("{FAE04EC0-301F-11D3-BF4B-00C04F79EFBC}") = "Circle", "Circle.csproj", "{8626702A-B4AC-4B69-83F7-A92B93D5D917}"
EndProject
Global
	GlobalSection(SolutionConfigurationPlatforms) = preSolution
		Debug|Any CPU = Debug|Any CPU
		Release|Any CPU = Release|Any CPU
	EndGlobalSection
	GlobalSection(ProjectConfigurationPlatforms) = postSolution
		{8626702A-B4AC-4B69-83F7-A92B93D5D917}.Debug|Any CPU.ActiveCfg = Debug|Any CPU
		{8626702A-B4AC-4B69-83F7-A92B93D5D917}.Debug|Any CPU.Build.0 = Debug|Any CPU
		{8626702A-B4AC-4B69-83F7-A92B93D5D917}.Release|Any CPU.ActiveCfg = Release|Any CPU
		{8626702A-B4AC-4B69-83F7-A92B93D5D917}.Release|Any CPU.Build.0 = Release|Any CPU
	EndGlobalSection
	GlobalSection(SolutionProperties) = preSolution
		HideSolutionNode = FALSE
	EndGlobalSection
	GlobalSection(ExtensibilityGlobals) = postSolution
		SolutionGuid = {4A7B13D3-081B-4C96-A271-81F8E0EFCAC2}
	EndGlobalSection
EndGlobal
